{"version":4,"terraform_version":"1.8.6","serial":13,"lineage":"1521f5a6-2d66-d82a-7319-1d81d848c92f","outputs":{"public_ip":{"value":"10.0.1.4","type":"string"}},"resources":[{"mode":"managed","type":"azurerm_resource_group","name":"k1ng45","provider":"provider[\"registry.opentofu.org/hashicorp/azurerm\"]","instances":[{"schema_version":0,"attributes":{"id":"/subscriptions/5680c71c-0bb1-4b4e-8f8c-558ec7d1c424/resourceGroups/k1ng45","location":"brazilsouth","managed_by":"","name":"k1ng45","tags":null,"timeouts":null},"sensitive_attributes":[],"private":"eyJlMmJmYjczMC1lY2FhLTExZTYtOGY4OC0zNDM2M2JjN2M0YzAiOnsiY3JlYXRlIjo1NDAwMDAwMDAwMDAwLCJkZWxldGUiOjU0MDAwMDAwMDAwMDAsInJlYWQiOjMwMDAwMDAwMDAwMCwidXBkYXRlIjo1NDAwMDAwMDAwMDAwfX0="}]}],"check_results":null}
