{"version":4,"terraform_version":"1.8.3","serial":11,"lineage":"1521f5a6-2d66-d82a-7319-1d81d848c92f","outputs":{"public_ip":{"value":"10.0.1.4","type":"string"}},"resources":[{"mode":"managed","type":"azurerm_linux_virtual_machine","name":"k1ng45","provider":"provider[\"registry.opentofu.org/hashicorp/azurerm\"]","instances":[{"schema_version":0,"attributes":{"additional_capabilities":[],"admin_password":null,"admin_ssh_key":[{"public_key":"ssh-rsa AAAAB3NzaC1yc2EAAAADAQABAAACAQCy/rtO7ZeF8Ya1NWVx+3yCtyC73Jo5fxRNQ5Tws2PxbTygJZB/SVWwev1aGM9KrKUpTAppQUtVoCs7PG2Q8O6qGygKDPt5HwOVTHt+04Zgta3kGccrmdoEryBdL+0XYH89fLHZIBJLK+hwrUYr7LVF1k82n0K9OWPUk2nx/Ch4+vEoJ+AIZtk8Zb5v0og3eYRlD8aPUn+CtM7S16+sjp9Z7jyDEn53hgifQEFesHC0BeuaCqClWWxztH1/OSB5GNqqJuBKbxkw1TNW2ag/sLrDZV1ybaEAMsk1XoQiV/dOPVbg9oq3/Pc+wMyCzsMvuYIrkVvACfvf+MQPScnlUonz710yVCKMAybSHlWTCt/TFszxpPCUYYo35tCOX4gvVeUbIo49PENeVqwLoJC/XLEAvMTt03aZxBNkb2gbk2PVi88DR7hWtszihAMJnG5jMDYDnGpVnJg9UYsvIFIUefEXTK/wy46j8dw9EZfX3pf2+YmzlLhejhNjkO3PrUdH1pgEas16QRJTMe52QxFrF03gv9hgZYvczplso49VvEX45mL7EUyVTM2VMgfLTjbgJqUG3R6FYXQoMmStF4ZK1ONUfDLgXb/CZInIU8BuZRR4+FeMrmI1WAcUfMqeLR4AYuTztKgrDF+3P3z5tT3p/L+ImIxa67oPYgmj/2e/Q7po1Q== thiago@Acer-Nitro\n","username":"adminuser"}],"admin_username":"adminuser","allow_extension_operations":true,"availability_set_id":"","boot_diagnostics":[],"bypass_platform_safety_checks_on_user_schedule_enabled":false,"capacity_reservation_group_id":"","computer_name":"K1ng45","custom_data":null,"dedicated_host_group_id":"","dedicated_host_id":"","disable_password_authentication":true,"disk_controller_type":"SCSI","edge_zone":"","encryption_at_host_enabled":false,"eviction_policy":"","extensions_time_budget":"PT1H30M","gallery_application":[],"id":"/subscriptions/5680c71c-0bb1-4b4e-8f8c-558ec7d1c424/resourceGroups/k1ng45/providers/Microsoft.Compute/virtualMachines/K1ng45","identity":[],"license_type":"","location":"brazilsouth","max_bid_price":-1,"name":"K1ng45","network_interface_ids":["/subscriptions/5680c71c-0bb1-4b4e-8f8c-558ec7d1c424/resourceGroups/k1ng45/providers/Microsoft.Network/networkInterfaces/interface-de-rede"],"os_disk":[{"caching":"ReadWrite","diff_disk_settings":[],"disk_encryption_set_id":"","disk_size_gb":30,"name":"k1ng45-os-disk","secure_vm_disk_encryption_set_id":"","security_encryption_type":"","storage_account_type":"Standard_LRS","write_accelerator_enabled":false}],"os_image_notification":[],"patch_assessment_mode":"ImageDefault","patch_mode":"ImageDefault","plan":[],"platform_fault_domain":-1,"priority":"Regular","private_ip_address":"10.0.1.4","private_ip_addresses":["10.0.1.4"],"provision_vm_agent":true,"proximity_placement_group_id":"","public_ip_address":"","public_ip_addresses":[],"reboot_setting":"","resource_group_name":"k1ng45","secret":[],"secure_boot_enabled":false,"size":"Standard_D2s_v3","source_image_id":"","source_image_reference":[{"offer":"debian-12","publisher":"Debian","sku":"12-gen2","version":"latest"}],"tags":null,"termination_notification":null,"timeouts":null,"user_data":"","virtual_machine_id":"10c8e235-6be7-429b-bdf8-ff967cada6a2","virtual_machine_scale_set_id":"","vm_agent_platform_updates_enabled":false,"vtpm_enabled":false,"zone":""},"sensitive_attributes":[[{"type":"get_attr","value":"custom_data"}],[{"type":"get_attr","value":"admin_password"}]],"private":"eyJlMmJmYjczMC1lY2FhLTExZTYtOGY4OC0zNDM2M2JjN2M0YzAiOnsiY3JlYXRlIjoyNzAwMDAwMDAwMDAwLCJkZWxldGUiOjI3MDAwMDAwMDAwMDAsInJlYWQiOjMwMDAwMDAwMDAwMCwidXBkYXRlIjoyNzAwMDAwMDAwMDAwfX0=","dependencies":["azurerm_network_interface.interface-de-rede","azurerm_resource_group.k1ng45","azurerm_subnet.k1ng45-subnet","azurerm_virtual_network.k1ng45-vnet"]}]},{"mode":"managed","type":"azurerm_network_interface","name":"interface-de-rede","provider":"provider[\"registry.opentofu.org/hashicorp/azurerm\"]","instances":[{"schema_version":0,"attributes":{"accelerated_networking_enabled":false,"applied_dns_servers":[],"auxiliary_mode":"","auxiliary_sku":"","dns_servers":[],"edge_zone":"","enable_accelerated_networking":false,"enable_ip_forwarding":false,"id":"/subscriptions/5680c71c-0bb1-4b4e-8f8c-558ec7d1c424/resourceGroups/k1ng45/providers/Microsoft.Network/networkInterfaces/interface-de-rede","internal_dns_name_label":"","internal_domain_name_suffix":"tffg5vuqt55utju1wsweljrw5e.nx.internal.cloudapp.net","ip_configuration":[{"gateway_load_balancer_frontend_ip_configuration_id":"","name":"ip-config-k1ng45","primary":true,"private_ip_address":"10.0.1.4","private_ip_address_allocation":"Dynamic","private_ip_address_version":"IPv4","public_ip_address_id":"","subnet_id":"/subscriptions/5680c71c-0bb1-4b4e-8f8c-558ec7d1c424/resourceGroups/k1ng45/providers/Microsoft.Network/virtualNetworks/k1ng45-vnet/subnets/k1ng45-subnet"}],"ip_forwarding_enabled":false,"location":"brazilsouth","mac_address":"","name":"interface-de-rede","private_ip_address":"10.0.1.4","private_ip_addresses":["10.0.1.4"],"resource_group_name":"k1ng45","tags":null,"timeouts":null,"virtual_machine_id":""},"sensitive_attributes":[],"private":"eyJlMmJmYjczMC1lY2FhLTExZTYtOGY4OC0zNDM2M2JjN2M0YzAiOnsiY3JlYXRlIjoxODAwMDAwMDAwMDAwLCJkZWxldGUiOjE4MDAwMDAwMDAwMDAsInJlYWQiOjMwMDAwMDAwMDAwMCwidXBkYXRlIjoxODAwMDAwMDAwMDAwfX0=","dependencies":["azurerm_resource_group.k1ng45","azurerm_subnet.k1ng45-subnet","azurerm_virtual_network.k1ng45-vnet"]}]},{"mode":"managed","type":"azurerm_resource_group","name":"k1ng45","provider":"provider[\"registry.opentofu.org/hashicorp/azurerm\"]","instances":[{"schema_version":0,"attributes":{"id":"/subscriptions/5680c71c-0bb1-4b4e-8f8c-558ec7d1c424/resourceGroups/k1ng45","location":"brazilsouth","managed_by":"","name":"k1ng45","tags":{},"timeouts":null},"sensitive_attributes":[],"private":"eyJlMmJmYjczMC1lY2FhLTExZTYtOGY4OC0zNDM2M2JjN2M0YzAiOnsiY3JlYXRlIjo1NDAwMDAwMDAwMDAwLCJkZWxldGUiOjU0MDAwMDAwMDAwMDAsInJlYWQiOjMwMDAwMDAwMDAwMCwidXBkYXRlIjo1NDAwMDAwMDAwMDAwfX0="}]},{"mode":"managed","type":"azurerm_subnet","name":"k1ng45-subnet","provider":"provider[\"registry.opentofu.org/hashicorp/azurerm\"]","instances":[{"schema_version":0,"attributes":{"address_prefixes":["10.0.1.0/24"],"default_outbound_access_enabled":true,"delegation":[],"enforce_private_link_endpoint_network_policies":false,"enforce_private_link_service_network_policies":false,"id":"/subscriptions/5680c71c-0bb1-4b4e-8f8c-558ec7d1c424/resourceGroups/k1ng45/providers/Microsoft.Network/virtualNetworks/k1ng45-vnet/subnets/k1ng45-subnet","name":"k1ng45-subnet","private_endpoint_network_policies":"Enabled","private_endpoint_network_policies_enabled":true,"private_link_service_network_policies_enabled":true,"resource_group_name":"k1ng45","service_endpoint_policy_ids":null,"service_endpoints":null,"timeouts":null,"virtual_network_name":"k1ng45-vnet"},"sensitive_attributes":[],"private":"eyJlMmJmYjczMC1lY2FhLTExZTYtOGY4OC0zNDM2M2JjN2M0YzAiOnsiY3JlYXRlIjoxODAwMDAwMDAwMDAwLCJkZWxldGUiOjE4MDAwMDAwMDAwMDAsInJlYWQiOjMwMDAwMDAwMDAwMCwidXBkYXRlIjoxODAwMDAwMDAwMDAwfX0=","dependencies":["azurerm_resource_group.k1ng45","azurerm_virtual_network.k1ng45-vnet"]}]},{"mode":"managed","type":"azurerm_virtual_network","name":"k1ng45-vnet","provider":"provider[\"registry.opentofu.org/hashicorp/azurerm\"]","instances":[{"schema_version":0,"attributes":{"address_space":["10.0.0.0/16"],"bgp_community":"","ddos_protection_plan":[],"dns_servers":[],"edge_zone":"","encryption":[],"flow_timeout_in_minutes":0,"guid":"d66f4a99-9f90-49ff-a69b-b4ac45a636fc","id":"/subscriptions/5680c71c-0bb1-4b4e-8f8c-558ec7d1c424/resourceGroups/k1ng45/providers/Microsoft.Network/virtualNetworks/k1ng45-vnet","location":"brazilsouth","name":"k1ng45-vnet","resource_group_name":"k1ng45","subnet":[],"tags":null,"timeouts":null},"sensitive_attributes":[],"private":"eyJlMmJmYjczMC1lY2FhLTExZTYtOGY4OC0zNDM2M2JjN2M0YzAiOnsiY3JlYXRlIjoxODAwMDAwMDAwMDAwLCJkZWxldGUiOjE4MDAwMDAwMDAwMDAsInJlYWQiOjMwMDAwMDAwMDAwMCwidXBkYXRlIjoxODAwMDAwMDAwMDAwfX0=","dependencies":["azurerm_resource_group.k1ng45"]}]}],"check_results":null}
